# THIS IS AN AUTOGENERATED FILE. DO NOT EDIT THIS FILE DIRECTLY.
# yarn lockfile v1


chevrotain@4.1.0:
  version "4.1.0"
  resolved "https://registry.yarnpkg.com/chevrotain/-/chevrotain-4.1.0.tgz#61b3cf734e182b3164eb12c2c2452f4f5282337f"
  integrity sha512-iwuK4FOV+vZlvKonoXVw6G+rXJm4jWk17aJFkm6FloVYcVSrAaJLdCdQo+IIyX98jm0WJVcdK9cllRZQpNBnBg==
  dependencies:
    regexp-to-ast "0.3.5"

regexp-to-ast@0.3.5:
  version "0.3.5"
  resolved "https://registry.yarnpkg.com/regexp-to-ast/-/regexp-to-ast-0.3.5.tgz#dedadd11bbb5f849df76b4e84b0b5335831c0473"
  integrity sha512-1CJygtdvsfNFwiyjaMLBWtg2tfEqx/jSZ8S6TV+GlNL8kiH8rb4cm5Pb7A/C2BpyM/fA8ZJEudlCwi/jvAY+Ow==

xregexp@4.0.0:
  version "4.0.0"
  resolved "https://registry.yarnpkg.com/xregexp/-/xregexp-4.0.0.tgz#e698189de49dd2a18cc5687b05e17c8e43943020"
  integrity sha512-PHyM+sQouu7xspQQwELlGwwd05mXUFqwFYfqPO0cC7x4fxyHnnuetmQr6CjJiafIDoH4MogHb9dOoJzR/Y4rFg==
